// !$*UTF8*$!
{
	archiveVersion = 1;
	classes = {
	};
	objectVersion = 56;
	objects = {

/* Begin PBXBuildFile section */
		BF56ADF72BEA01B20002966C /* AppetizerDetailView.swift in Sources */ = {isa = PBXBuildFile; fileRef = BF56ADF62BEA01B20002966C /* AppetizerDetailView.swift */; };
		BF56ADFA2BEA1AD20002966C /* APButton.swift in Sources */ = {isa = PBXBuildFile; fileRef = BF56ADF92BEA1AD20002966C /* APButton.swift */; };
		BF56ADFC2BEA1BF80002966C /* XDismissButton.swift in Sources */ = {isa = PBXBuildFile; fileRef = BF56ADFB2BEA1BF80002966C /* XDismissButton.swift */; };
		BF56ADFE2BEA3EE90002966C /* AccountViewModel.swift in Sources */ = {isa = PBXBuildFile; fileRef = BF56ADFD2BEA3EE90002966C /* AccountViewModel.swift */; };
		BF56AE012BEA40F90002966C /* String+Ext.swift in Sources */ = {isa = PBXBuildFile; fileRef = BF56AE002BEA40F90002966C /* String+Ext.swift */; };
		BF56AE032BEA48120002966C /* User.swift in Sources */ = {isa = PBXBuildFile; fileRef = BF56AE022BEA48120002966C /* User.swift */; };
		BF56AE082BEA5CBE0002966C /* EmptyState.swift in Sources */ = {isa = PBXBuildFile; fileRef = BF56AE072BEA5CBE0002966C /* EmptyState.swift */; };
		BF56AE0A2BEA656F0002966C /* Order.swift in Sources */ = {isa = PBXBuildFile; fileRef = BF56AE092BEA656F0002966C /* Order.swift */; };
		BF72937C2BEB516A0053925B /* OrderView.swift in Sources */ = {isa = PBXBuildFile; fileRef = BF72937B2BEB516A0053925B /* OrderView.swift */; };
		BFFC5DD72BE8BD7200409C7C /* AppetizersApp.swift in Sources */ = {isa = PBXBuildFile; fileRef = BFFC5DD62BE8BD7200409C7C /* AppetizersApp.swift */; };
		BFFC5DD92BE8BD7200409C7C /* AppetizerTabView.swift in Sources */ = {isa = PBXBuildFile; fileRef = BFFC5DD82BE8BD7200409C7C /* AppetizerTabView.swift */; };
		BFFC5DDB2BE8BD7700409C7C /* Assets.xcassets in Resources */ = {isa = PBXBuildFile; fileRef = BFFC5DDA2BE8BD7700409C7C /* Assets.xcassets */; };
		BFFC5DDE2BE8BD7700409C7C /* Preview Assets.xcassets in Resources */ = {isa = PBXBuildFile; fileRef = BFFC5DDD2BE8BD7700409C7C /* Preview Assets.xcassets */; };
		BFFC5DE52BE8BE2E00409C7C /* AppetizerListView.swift in Sources */ = {isa = PBXBuildFile; fileRef = BFFC5DE42BE8BE2E00409C7C /* AppetizerListView.swift */; };
		BFFC5DE72BE8BE4900409C7C /* AccountView.swift in Sources */ = {isa = PBXBuildFile; fileRef = BFFC5DE62BE8BE4900409C7C /* AccountView.swift */; };
		BFFC5DEB2BE8C7AA00409C7C /* Appetizer.swift in Sources */ = {isa = PBXBuildFile; fileRef = BFFC5DEA2BE8C7A900409C7C /* Appetizer.swift */; };
		BFFC5DED2BE8D5D200409C7C /* AppetizerListCell.swift in Sources */ = {isa = PBXBuildFile; fileRef = BFFC5DEC2BE8D5D200409C7C /* AppetizerListCell.swift */; };
		BFFC5DEF2BE8D73600409C7C /* NetworkManager.swift in Sources */ = {isa = PBXBuildFile; fileRef = BFFC5DEE2BE8D73600409C7C /* NetworkManager.swift */; };
		BFFC5DF12BE8D8C400409C7C /* APError.swift in Sources */ = {isa = PBXBuildFile; fileRef = BFFC5DF02BE8D8C400409C7C /* APError.swift */; };
		BFFC5DF32BE8FB3000409C7C /* AppetizerListViewModel.swift in Sources */ = {isa = PBXBuildFile; fileRef = BFFC5DF22BE8FB3000409C7C /* AppetizerListViewModel.swift */; };
		BFFC5DF52BE8FE8500409C7C /* Alert.swift in Sources */ = {isa = PBXBuildFile; fileRef = BFFC5DF42BE8FE8500409C7C /* Alert.swift */; };
		BFFC5DF72BE9066400409C7C /* LoadingView.swift in Sources */ = {isa = PBXBuildFile; fileRef = BFFC5DF62BE9066400409C7C /* LoadingView.swift */; };
		BFFC5DF92BE91EE600409C7C /* RemoteImage.swift in Sources */ = {isa = PBXBuildFile; fileRef = BFFC5DF82BE91EE500409C7C /* RemoteImage.swift */; };
/* End PBXBuildFile section */

/* Begin PBXFileReference section */
		BF56ADF62BEA01B20002966C /* AppetizerDetailView.swift */ = {isa = PBXFileReference; lastKnownFileType = sourcecode.swift; path = AppetizerDetailView.swift; sourceTree = "<group>"; };
		BF56ADF92BEA1AD20002966C /* APButton.swift */ = {isa = PBXFileReference; lastKnownFileType = sourcecode.swift; path = APButton.swift; sourceTree = "<group>"; };
		BF56ADFB2BEA1BF80002966C /* XDismissButton.swift */ = {isa = PBXFileReference; lastKnownFileType = sourcecode.swift; path = XDismissButton.swift; sourceTree = "<group>"; };
		BF56ADFD2BEA3EE90002966C /* AccountViewModel.swift */ = {isa = PBXFileReference; lastKnownFileType = sourcecode.swift; path = AccountViewModel.swift; sourceTree = "<group>"; };
		BF56AE002BEA40F90002966C /* String+Ext.swift */ = {isa = PBXFileReference; lastKnownFileType = sourcecode.swift; path = "String+Ext.swift"; sourceTree = "<group>"; };
		BF56AE022BEA48120002966C /* User.swift */ = {isa = PBXFileReference; lastKnownFileType = sourcecode.swift; path = User.swift; sourceTree = "<group>"; };
		BF56AE072BEA5CBE0002966C /* EmptyState.swift */ = {isa = PBXFileReference; lastKnownFileType = sourcecode.swift; path = EmptyState.swift; sourceTree = "<group>"; };
		BF56AE092BEA656F0002966C /* Order.swift */ = {isa = PBXFileReference; lastKnownFileType = sourcecode.swift; path = Order.swift; sourceTree = "<group>"; };
		BF72937B2BEB516A0053925B /* OrderView.swift */ = {isa = PBXFileReference; lastKnownFileType = sourcecode.swift; path = OrderView.swift; sourceTree = "<group>"; };
		BFFC5DD32BE8BD7200409C7C /* Appetizers.app */ = {isa = PBXFileReference; explicitFileType = wrapper.application; includeInIndex = 0; path = Appetizers.app; sourceTree = BUILT_PRODUCTS_DIR; };
		BFFC5DD62BE8BD7200409C7C /* AppetizersApp.swift */ = {isa = PBXFileReference; lastKnownFileType = sourcecode.swift; path = AppetizersApp.swift; sourceTree = "<group>"; };
		BFFC5DD82BE8BD7200409C7C /* AppetizerTabView.swift */ = {isa = PBXFileReference; lastKnownFileType = sourcecode.swift; path = AppetizerTabView.swift; sourceTree = "<group>"; };
		BFFC5DDA2BE8BD7700409C7C /* Assets.xcassets */ = {isa = PBXFileReference; lastKnownFileType = folder.assetcatalog; path = Assets.xcassets; sourceTree = "<group>"; };
		BFFC5DDD2BE8BD7700409C7C /* Preview Assets.xcassets */ = {isa = PBXFileReference; lastKnownFileType = folder.assetcatalog; path = "Preview Assets.xcassets"; sourceTree = "<group>"; };
		BFFC5DE42BE8BE2E00409C7C /* AppetizerListView.swift */ = {isa = PBXFileReference; lastKnownFileType = sourcecode.swift; path = AppetizerListView.swift; sourceTree = "<group>"; };
		BFFC5DE62BE8BE4900409C7C /* AccountView.swift */ = {isa = PBXFileReference; lastKnownFileType = sourcecode.swift; path = AccountView.swift; sourceTree = "<group>"; };
		BFFC5DEA2BE8C7A900409C7C /* Appetizer.swift */ = {isa = PBXFileReference; lastKnownFileType = sourcecode.swift; path = Appetizer.swift; sourceTree = "<group>"; };
		BFFC5DEC2BE8D5D200409C7C /* AppetizerListCell.swift */ = {isa = PBXFileReference; lastKnownFileType = sourcecode.swift; path = AppetizerListCell.swift; sourceTree = "<group>"; };
		BFFC5DEE2BE8D73600409C7C /* NetworkManager.swift */ = {isa = PBXFileReference; lastKnownFileType = sourcecode.swift; path = NetworkManager.swift; sourceTree = "<group>"; };
		BFFC5DF02BE8D8C400409C7C /* APError.swift */ = {isa = PBXFileReference; lastKnownFileType = sourcecode.swift; path = APError.swift; sourceTree = "<group>"; };
		BFFC5DF22BE8FB3000409C7C /* AppetizerListViewModel.swift */ = {isa = PBXFileReference; lastKnownFileType = sourcecode.swift; path = AppetizerListViewModel.swift; sourceTree = "<group>"; };
		BFFC5DF42BE8FE8500409C7C /* Alert.swift */ = {isa = PBXFileReference; lastKnownFileType = sourcecode.swift; path = Alert.swift; sourceTree = "<group>"; };
		BFFC5DF62BE9066400409C7C /* LoadingView.swift */ = {isa = PBXFileReference; lastKnownFileType = sourcecode.swift; path = LoadingView.swift; sourceTree = "<group>"; };
		BFFC5DF82BE91EE500409C7C /* RemoteImage.swift */ = {isa = PBXFileReference; lastKnownFileType = sourcecode.swift; path = RemoteImage.swift; sourceTree = "<group>"; };
/* End PBXFileReference section */

/* Begin PBXFrameworksBuildPhase section */
		BFFC5DD02BE8BD7200409C7C /* Frameworks */ = {
			isa = PBXFrameworksBuildPhase;
			buildActionMask = 2147483647;
			files = (
			);
			runOnlyForDeploymentPostprocessing = 0;
		};
/* End PBXFrameworksBuildPhase section */

/* Begin PBXGroup section */
		BF56ADEA2BE9FC4C0002966C /* Screens */ = {
			isa = PBXGroup;
			children = (
				BFFC5DD82BE8BD7200409C7C /* AppetizerTabView.swift */,
				BF56ADEB2BE9FC580002966C /* AppetizersListView */,
				BF7293762BEB4EB20053925B /* OrderView */,
				BF56ADEC2BE9FC6B0002966C /* AccountView */,
			);
			path = Screens;
			sourceTree = "<group>";
		};
		BF56ADEB2BE9FC580002966C /* AppetizersListView */ = {
			isa = PBXGroup;
			children = (
				BFFC5DE42BE8BE2E00409C7C /* AppetizerListView.swift */,
				BFFC5DF22BE8FB3000409C7C /* AppetizerListViewModel.swift */,
				BF56ADF62BEA01B20002966C /* AppetizerDetailView.swift */,
			);
			path = AppetizersListView;
			sourceTree = "<group>";
		};
		BF56ADEC2BE9FC6B0002966C /* AccountView */ = {
			isa = PBXGroup;
			children = (
				BFFC5DE62BE8BE4900409C7C /* AccountView.swift */,
				BF56ADFD2BEA3EE90002966C /* AccountViewModel.swift */,
			);
			path = AccountView;
			sourceTree = "<group>";
		};
		BF56ADEE2BE9FD010002966C /* Utilities */ = {
			isa = PBXGroup;
			children = (
				BF56ADFF2BEA40E30002966C /* Extensions */,
				BF56ADF02BE9FD3D0002966C /* Alerts */,
				BF56ADEF2BE9FD190002966C /* Managers */,
			);
			path = Utilities;
			sourceTree = "<group>";
		};
		BF56ADEF2BE9FD190002966C /* Managers */ = {
			isa = PBXGroup;
			children = (
				BFFC5DEE2BE8D73600409C7C /* NetworkManager.swift */,
			);
			path = Managers;
			sourceTree = "<group>";
		};
		BF56ADF02BE9FD3D0002966C /* Alerts */ = {
			isa = PBXGroup;
			children = (
				BFFC5DF02BE8D8C400409C7C /* APError.swift */,
				BFFC5DF42BE8FE8500409C7C /* Alert.swift */,
			);
			path = Alerts;
			sourceTree = "<group>";
		};
		BF56ADF12BE9FDA20002966C /* Model */ = {
			isa = PBXGroup;
			children = (
				BFFC5DEA2BE8C7A900409C7C /* Appetizer.swift */,
				BF56AE022BEA48120002966C /* User.swift */,
				BF56AE092BEA656F0002966C /* Order.swift */,
			);
			path = Model;
			sourceTree = "<group>";
		};
		BF56ADF22BEA004A0002966C /* Views */ = {
			isa = PBXGroup;
			children = (
				BF56AE042BEA5C7F0002966C /* Empty States */,
				BF56ADF82BEA1AB20002966C /* Buttons */,
				BF56ADF52BEA00B90002966C /* Image */,
				BF56ADF42BEA009E0002966C /* Cells */,
				BF56ADF32BEA00510002966C /* UIKit Components */,
			);
			path = Views;
			sourceTree = "<group>";
		};
		BF56ADF32BEA00510002966C /* UIKit Components */ = {
			isa = PBXGroup;
			children = (
				BFFC5DF62BE9066400409C7C /* LoadingView.swift */,
			);
			path = "UIKit Components";
			sourceTree = "<group>";
		};
		BF56ADF42BEA009E0002966C /* Cells */ = {
			isa = PBXGroup;
			children = (
				BFFC5DEC2BE8D5D200409C7C /* AppetizerListCell.swift */,
			);
			path = Cells;
			sourceTree = "<group>";
		};
		BF56ADF52BEA00B90002966C /* Image */ = {
			isa = PBXGroup;
			children = (
				BFFC5DF82BE91EE500409C7C /* RemoteImage.swift */,
			);
			path = Image;
			sourceTree = "<group>";
		};
		BF56ADF82BEA1AB20002966C /* Buttons */ = {
			isa = PBXGroup;
			children = (
				BF56ADF92BEA1AD20002966C /* APButton.swift */,
				BF56ADFB2BEA1BF80002966C /* XDismissButton.swift */,
			);
			path = Buttons;
			sourceTree = "<group>";
		};
		BF56ADFF2BEA40E30002966C /* Extensions */ = {
			isa = PBXGroup;
			children = (
				BF56AE002BEA40F90002966C /* String+Ext.swift */,
			);
			path = Extensions;
			sourceTree = "<group>";
		};
		BF56AE042BEA5C7F0002966C /* Empty States */ = {
			isa = PBXGroup;
			children = (
				BF56AE072BEA5CBE0002966C /* EmptyState.swift */,
			);
			path = "Empty States";
			sourceTree = "<group>";
		};
		BF7293762BEB4EB20053925B /* OrderView */ = {
			isa = PBXGroup;
			children = (
				BF72937B2BEB516A0053925B /* OrderView.swift */,
			);
			path = OrderView;
			sourceTree = "<group>";
		};
		BFFC5DCA2BE8BD7200409C7C = {
			isa = PBXGroup;
			children = (
				BFFC5DD52BE8BD7200409C7C /* Appetizers */,
				BFFC5DD42BE8BD7200409C7C /* Products */,
			);
			sourceTree = "<group>";
		};
		BFFC5DD42BE8BD7200409C7C /* Products */ = {
			isa = PBXGroup;
			children = (
				BFFC5DD32BE8BD7200409C7C /* Appetizers.app */,
			);
			name = Products;
			sourceTree = "<group>";
		};
		BFFC5DD52BE8BD7200409C7C /* Appetizers */ = {
			isa = PBXGroup;
			children = (
				BF56ADF12BE9FDA20002966C /* Model */,
				BF56ADEE2BE9FD010002966C /* Utilities */,
				BF56ADF22BEA004A0002966C /* Views */,
				BF56ADEA2BE9FC4C0002966C /* Screens */,
				BFFC5DD62BE8BD7200409C7C /* AppetizersApp.swift */,
				BFFC5DDA2BE8BD7700409C7C /* Assets.xcassets */,
				BFFC5DDC2BE8BD7700409C7C /* Preview Content */,
			);
			path = Appetizers;
			sourceTree = "<group>";
		};
		BFFC5DDC2BE8BD7700409C7C /* Preview Content */ = {
			isa = PBXGroup;
			children = (
				BFFC5DDD2BE8BD7700409C7C /* Preview Assets.xcassets */,
			);
			path = "Preview Content";
			sourceTree = "<group>";
		};
/* End PBXGroup section */

/* Begin PBXNativeTarget section */
		BFFC5DD22BE8BD7200409C7C /* Appetizers */ = {
			isa = PBXNativeTarget;
			buildConfigurationList = BFFC5DE12BE8BD7700409C7C /* Build configuration list for PBXNativeTarget "Appetizers" */;
			buildPhases = (
				BFFC5DCF2BE8BD7200409C7C /* Sources */,
				BFFC5DD02BE8BD7200409C7C /* Frameworks */,
				BFFC5DD12BE8BD7200409C7C /* Resources */,
			);
			buildRules = (
			);
			dependencies = (
			);
			name = Appetizers;
			productName = Appetizers;
			productReference = BFFC5DD32BE8BD7200409C7C /* Appetizers.app */;
			productType = "com.apple.product-type.application";
		};
/* End PBXNativeTarget section */

/* Begin PBXProject section */
		BFFC5DCB2BE8BD7200409C7C /* Project object */ = {
			isa = PBXProject;
			attributes = {
				BuildIndependentTargetsInParallel = 1;
				LastSwiftUpdateCheck = 1420;
				LastUpgradeCheck = 1420;
				TargetAttributes = {
					BFFC5DD22BE8BD7200409C7C = {
						CreatedOnToolsVersion = 14.2;
					};
				};
			};
			buildConfigurationList = BFFC5DCE2BE8BD7200409C7C /* Build configuration list for PBXProject "Appetizers" */;
			compatibilityVersion = "Xcode 14.0";
			developmentRegion = en;
			hasScannedForEncodings = 0;
			knownRegions = (
				en,
				Base,
			);
			mainGroup = BFFC5DCA2BE8BD7200409C7C;
			productRefGroup = BFFC5DD42BE8BD7200409C7C /* Products */;
			projectDirPath = "";
			projectRoot = "";
			targets = (
				BFFC5DD22BE8BD7200409C7C /* Appetizers */,
			);
		};
/* End PBXProject section */

/* Begin PBXResourcesBuildPhase section */
		BFFC5DD12BE8BD7200409C7C /* Resources */ = {
			isa = PBXResourcesBuildPhase;
			buildActionMask = 2147483647;
			files = (
				BFFC5DDE2BE8BD7700409C7C /* Preview Assets.xcassets in Resources */,
				BFFC5DDB2BE8BD7700409C7C /* Assets.xcassets in Resources */,
			);
			runOnlyForDeploymentPostprocessing = 0;
		};
/* End PBXResourcesBuildPhase section */

/* Begin PBXSourcesBuildPhase section */
		BFFC5DCF2BE8BD7200409C7C /* Sources */ = {
			isa = PBXSourcesBuildPhase;
			buildActionMask = 2147483647;
			files = (
				BF56AE012BEA40F90002966C /* String+Ext.swift in Sources */,
				BFFC5DEB2BE8C7AA00409C7C /* Appetizer.swift in Sources */,
				BFFC5DF12BE8D8C400409C7C /* APError.swift in Sources */,
				BFFC5DED2BE8D5D200409C7C /* AppetizerListCell.swift in Sources */,
				BF56ADFA2BEA1AD20002966C /* APButton.swift in Sources */,
				BFFC5DF32BE8FB3000409C7C /* AppetizerListViewModel.swift in Sources */,
				BF56AE0A2BEA656F0002966C /* Order.swift in Sources */,
				BFFC5DE72BE8BE4900409C7C /* AccountView.swift in Sources */,
				BF56AE082BEA5CBE0002966C /* EmptyState.swift in Sources */,
				BFFC5DF72BE9066400409C7C /* LoadingView.swift in Sources */,
				BFFC5DF92BE91EE600409C7C /* RemoteImage.swift in Sources */,
				BFFC5DD92BE8BD7200409C7C /* AppetizerTabView.swift in Sources */,
				BF56ADF72BEA01B20002966C /* AppetizerDetailView.swift in Sources */,
				BFFC5DEF2BE8D73600409C7C /* NetworkManager.swift in Sources */,
				BFFC5DD72BE8BD7200409C7C /* AppetizersApp.swift in Sources */,
				BFFC5DF52BE8FE8500409C7C /* Alert.swift in Sources */,
				BFFC5DE52BE8BE2E00409C7C /* AppetizerListView.swift in Sources */,
				BF56ADFE2BEA3EE90002966C /* AccountViewModel.swift in Sources */,
				BF72937C2BEB516A0053925B /* OrderView.swift in Sources */,
				BF56ADFC2BEA1BF80002966C /* XDismissButton.swift in Sources */,
				BF56AE032BEA48120002966C /* User.swift in Sources */,
			);
			runOnlyForDeploymentPostprocessing = 0;
		};
/* End PBXSourcesBuildPhase section */

/* Begin XCBuildConfiguration section */
		BFFC5DDF2BE8BD7700409C7C /* Debug */ = {
			isa = XCBuildConfiguration;
			buildSettings = {
				ALWAYS_SEARCH_USER_PATHS = NO;
				CLANG_ANALYZER_NONNULL = YES;
				CLANG_ANALYZER_NUMBER_OBJECT_CONVERSION = YES_AGGRESSIVE;
				CLANG_CXX_LANGUAGE_STANDARD = "gnu++20";
				CLANG_ENABLE_MODULES = YES;
				CLANG_ENABLE_OBJC_ARC = YES;
				CLANG_ENABLE_OBJC_WEAK = YES;
				CLANG_WARN_BLOCK_CAPTURE_AUTORELEASING = YES;
				CLANG_WARN_BOOL_CONVERSION = YES;
				CLANG_WARN_COMMA = YES;
				CLANG_WARN_CONSTANT_CONVERSION = YES;
				CLANG_WARN_DEPRECATED_OBJC_IMPLEMENTATIONS = YES;
				CLANG_WARN_DIRECT_OBJC_ISA_USAGE = YES_ERROR;
				CLANG_WARN_DOCUMENTATION_COMMENTS = YES;
				CLANG_WARN_EMPTY_BODY = YES;
				CLANG_WARN_ENUM_CONVERSION = YES;
				CLANG_WARN_INFINITE_RECURSION = YES;
				CLANG_WARN_INT_CONVERSION = YES;
				CLANG_WARN_NON_LITERAL_NULL_CONVERSION = YES;
				CLANG_WARN_OBJC_IMPLICIT_RETAIN_SELF = YES;
				CLANG_WARN_OBJC_LITERAL_CONVERSION = YES;
				CLANG_WARN_OBJC_ROOT_CLASS = YES_ERROR;
				CLANG_WARN_QUOTED_INCLUDE_IN_FRAMEWORK_HEADER = YES;
				CLANG_WARN_RANGE_LOOP_ANALYSIS = YES;
				CLANG_WARN_STRICT_PROTOTYPES = YES;
				CLANG_WARN_SUSPICIOUS_MOVE = YES;
				CLANG_WARN_UNGUARDED_AVAILABILITY = YES_AGGRESSIVE;
				CLANG_WARN_UNREACHABLE_CODE = YES;
				CLANG_WARN__DUPLICATE_METHOD_MATCH = YES;
				COPY_PHASE_STRIP = NO;
				DEBUG_INFORMATION_FORMAT = dwarf;
				ENABLE_STRICT_OBJC_MSGSEND = YES;
				ENABLE_TESTABILITY = YES;
				GCC_C_LANGUAGE_STANDARD = gnu11;
				GCC_DYNAMIC_NO_PIC = NO;
				GCC_NO_COMMON_BLOCKS = YES;
				GCC_OPTIMIZATION_LEVEL = 0;
				GCC_PREPROCESSOR_DEFINITIONS = (
					"DEBUG=1",
					"$(inherited)",
				);
				GCC_WARN_64_TO_32_BIT_CONVERSION = YES;
				GCC_WARN_ABOUT_RETURN_TYPE = YES_ERROR;
				GCC_WARN_UNDECLARED_SELECTOR = YES;
				GCC_WARN_UNINITIALIZED_AUTOS = YES_AGGRESSIVE;
				GCC_WARN_UNUSED_FUNCTION = YES;
				GCC_WARN_UNUSED_VARIABLE = YES;
				IPHONEOS_DEPLOYMENT_TARGET = 16.2;
				MTL_ENABLE_DEBUG_INFO = INCLUDE_SOURCE;
				MTL_FAST_MATH = YES;
				ONLY_ACTIVE_ARCH = YES;
				SDKROOT = iphoneos;
				SWIFT_ACTIVE_COMPILATION_CONDITIONS = DEBUG;
				SWIFT_OPTIMIZATION_LEVEL = "-Onone";
			};
			name = Debug;
		};
		BFFC5DE02BE8BD7700409C7C /* Release */ = {
			isa = XCBuildConfiguration;
			buildSettings = {
				ALWAYS_SEARCH_USER_PATHS = NO;
				CLANG_ANALYZER_NONNULL = YES;
				CLANG_ANALYZER_NUMBER_OBJECT_CONVERSION = YES_AGGRESSIVE;
				CLANG_CXX_LANGUAGE_STANDARD = "gnu++20";
				CLANG_ENABLE_MODULES = YES;
				CLANG_ENABLE_OBJC_ARC = YES;
				CLANG_ENABLE_OBJC_WEAK = YES;
				CLANG_WARN_BLOCK_CAPTURE_AUTORELEASING = YES;
				CLANG_WARN_BOOL_CONVERSION = YES;
				CLANG_WARN_COMMA = YES;
				CLANG_WARN_CONSTANT_CONVERSION = YES;
				CLANG_WARN_DEPRECATED_OBJC_IMPLEMENTATIONS = YES;
				CLANG_WARN_DIRECT_OBJC_ISA_USAGE = YES_ERROR;
				CLANG_WARN_DOCUMENTATION_COMMENTS = YES;
				CLANG_WARN_EMPTY_BODY = YES;
				CLANG_WARN_ENUM_CONVERSION = YES;
				CLANG_WARN_INFINITE_RECURSION = YES;
				CLANG_WARN_INT_CONVERSION = YES;
				CLANG_WARN_NON_LITERAL_NULL_CONVERSION = YES;
				CLANG_WARN_OBJC_IMPLICIT_RETAIN_SELF = YES;
				CLANG_WARN_OBJC_LITERAL_CONVERSION = YES;
				CLANG_WARN_OBJC_ROOT_CLASS = YES_ERROR;
				CLANG_WARN_QUOTED_INCLUDE_IN_FRAMEWORK_HEADER = YES;
				CLANG_WARN_RANGE_LOOP_ANALYSIS = YES;
				CLANG_WARN_STRICT_PROTOTYPES = YES;
				CLANG_WARN_SUSPICIOUS_MOVE = YES;
				CLANG_WARN_UNGUARDED_AVAILABILITY = YES_AGGRESSIVE;
				CLANG_WARN_UNREACHABLE_CODE = YES;
				CLANG_WARN__DUPLICATE_METHOD_MATCH = YES;
				COPY_PHASE_STRIP = NO;
				DEBUG_INFORMATION_FORMAT = "dwarf-with-dsym";
				ENABLE_NS_ASSERTIONS = NO;
				ENABLE_STRICT_OBJC_MSGSEND = YES;
				GCC_C_LANGUAGE_STANDARD = gnu11;
				GCC_NO_COMMON_BLOCKS = YES;
				GCC_WARN_64_TO_32_BIT_CONVERSION = YES;
				GCC_WARN_ABOUT_RETURN_TYPE = YES_ERROR;
				GCC_WARN_UNDECLARED_SELECTOR = YES;
				GCC_WARN_UNINITIALIZED_AUTOS = YES_AGGRESSIVE;
				GCC_WARN_UNUSED_FUNCTION = YES;
				GCC_WARN_UNUSED_VARIABLE = YES;
				IPHONEOS_DEPLOYMENT_TARGET = 16.2;
				MTL_ENABLE_DEBUG_INFO = NO;
				MTL_FAST_MATH = YES;
				SDKROOT = iphoneos;
				SWIFT_COMPILATION_MODE = wholemodule;
				SWIFT_OPTIMIZATION_LEVEL = "-O";
				VALIDATE_PRODUCT = YES;
			};
			name = Release;
		};
		BFFC5DE22BE8BD7700409C7C /* Debug */ = {
			isa = XCBuildConfiguration;
			buildSettings = {
				ASSETCATALOG_COMPILER_APPICON_NAME = AppIcon;
				ASSETCATALOG_COMPILER_GLOBAL_ACCENT_COLOR_NAME = AccentColor;
				CODE_SIGN_STYLE = Automatic;
				CURRENT_PROJECT_VERSION = 1;
				DEVELOPMENT_ASSET_PATHS = "\"Appetizers/Preview Content\"";
				ENABLE_PREVIEWS = YES;
				GENERATE_INFOPLIST_FILE = YES;
				INFOPLIST_KEY_UIApplicationSceneManifest_Generation = YES;
				INFOPLIST_KEY_UIApplicationSupportsIndirectInputEvents = YES;
				INFOPLIST_KEY_UILaunchScreen_Generation = YES;
				INFOPLIST_KEY_UISupportedInterfaceOrientations_iPad = "UIInterfaceOrientationPortrait UIInterfaceOrientationPortraitUpsideDown UIInterfaceOrientationLandscapeLeft UIInterfaceOrientationLandscapeRight";
				INFOPLIST_KEY_UISupportedInterfaceOrientations_iPhone = "UIInterfaceOrientationPortrait UIInterfaceOrientationLandscapeLeft UIInterfaceOrientationLandscapeRight";
				LD_RUNPATH_SEARCH_PATHS = (
					"$(inherited)",
					"@executable_path/Frameworks",
				);
				MARKETING_VERSION = 1.0;
				PRODUCT_BUNDLE_IDENTIFIER = "Ali-Raza-s-Organization.Appetizers";
				PRODUCT_NAME = "$(TARGET_NAME)";
				SWIFT_EMIT_LOC_STRINGS = YES;
				SWIFT_VERSION = 5.0;
				TARGETED_DEVICE_FAMILY = "1,2";
			};
			name = Debug;
		};
		BFFC5DE32BE8BD7700409C7C /* Release */ = {
			isa = XCBuildConfiguration;
			buildSettings = {
				ASSETCATALOG_COMPILER_APPICON_NAME = AppIcon;
				ASSETCATALOG_COMPILER_GLOBAL_ACCENT_COLOR_NAME = AccentColor;
				CODE_SIGN_STYLE = Automatic;
				CURRENT_PROJECT_VERSION = 1;
				DEVELOPMENT_ASSET_PATHS = "\"Appetizers/Preview Content\"";
				ENABLE_PREVIEWS = YES;
				GENERATE_INFOPLIST_FILE = YES;
				INFOPLIST_KEY_UIApplicationSceneManifest_Generation = YES;
				INFOPLIST_KEY_UIApplicationSupportsIndirectInputEvents = YES;
				INFOPLIST_KEY_UILaunchScreen_Generation = YES;
				INFOPLIST_KEY_UISupportedInterfaceOrientations_iPad = "UIInterfaceOrientationPortrait UIInterfaceOrientationPortraitUpsideDown UIInterfaceOrientationLandscapeLeft UIInterfaceOrientationLandscapeRight";
				INFOPLIST_KEY_UISupportedInterfaceOrientations_iPhone = "UIInterfaceOrientationPortrait UIInterfaceOrientationLandscapeLeft UIInterfaceOrientationLandscapeRight";
				LD_RUNPATH_SEARCH_PATHS = (
					"$(inherited)",
					"@executable_path/Frameworks",
				);
				MARKETING_VERSION = 1.0;
				PRODUCT_BUNDLE_IDENTIFIER = "Ali-Raza-s-Organization.Appetizers";
				PRODUCT_NAME = "$(TARGET_NAME)";
				SWIFT_EMIT_LOC_STRINGS = YES;
				SWIFT_VERSION = 5.0;
				TARGETED_DEVICE_FAMILY = "1,2";
			};
			name = Release;
		};
/* End XCBuildConfiguration section */

/* Begin XCConfigurationList section */
		BFFC5DCE2BE8BD7200409C7C /* Build configuration list for PBXProject "Appetizers" */ = {
			isa = XCConfigurationList;
			buildConfigurations = (
				BFFC5DDF2BE8BD7700409C7C /* Debug */,
				BFFC5DE02BE8BD7700409C7C /* Release */,
			);
			defaultConfigurationIsVisible = 0;
			defaultConfigurationName = Release;
		};
		BFFC5DE12BE8BD7700409C7C /* Build configuration list for PBXNativeTarget "Appetizers" */ = {
			isa = XCConfigurationList;
			buildConfigurations = (
				BFFC5DE22BE8BD7700409C7C /* Debug */,
				BFFC5DE32BE8BD7700409C7C /* Release */,
			);
			defaultConfigurationIsVisible = 0;
			defaultConfigurationName = Release;
		};
/* End XCConfigurationList section */
	};
	rootObject = BFFC5DCB2BE8BD7200409C7C /* Project object */;
}
